
Microsoft Visual Studio Solution File, Format Version 12.00
# Visual Studio Version 16
VisualStudioVersion = 16.0.28922.388
MinimumVisualStudioVersion = 10.0.40219.1
Project("{9A19103F-16F7-4668-BE54-9A1E7A4F7556}") = "Algorithms", "Algorithms\Algorithms.csproj", "{B5796AEF-8F05-42A5-AAC9-861E24FB98A3}"
EndProject
Project("{9A19103F-16F7-4668-BE54-9A1E7A4F7556}") = "DataStructures", "DataStructures\DataStructures.csproj", "{BA787439-45A7-4CDB-A8D3-7667D43C6CCB}"
EndProject
Project("{FAE04EC0-301F-11D3-BF4B-00C04F79EFBC}") = "UnitTests", "UnitTests\UnitTests.csproj", "{6B39B6CC-3EDA-4BA1-B2A4-41EC9B16F087}"
EndProject
Global
	GlobalSection(SolutionConfigurationPlatforms) = preSolution
		Debug|Any CPU = Debug|Any CPU
		Release|Any CPU = Release|Any CPU
	EndGlobalSection
	GlobalSection(ProjectConfigurationPlatforms) = postSolution
		{B5796AEF-8F05-42A5-AAC9-861E24FB98A3}.Debug|Any CPU.ActiveCfg = Debug|Any CPU
		{B5796AEF-8F05-42A5-AAC9-861E24FB98A3}.Debug|Any CPU.Build.0 = Debug|Any CPU
		{B5796AEF-8F05-42A5-AAC9-861E24FB98A3}.Release|Any CPU.ActiveCfg = Release|Any CPU
		{B5796AEF-8F05-42A5-AAC9-861E24FB98A3}.Release|Any CPU.Build.0 = Release|Any CPU
		{BA787439-45A7-4CDB-A8D3-7667D43C6CCB}.Debug|Any CPU.ActiveCfg = Debug|Any CPU
		{BA787439-45A7-4CDB-A8D3-7667D43C6CCB}.Debug|Any CPU.Build.0 = Debug|Any CPU
		{BA787439-45A7-4CDB-A8D3-7667D43C6CCB}.Release|Any CPU.ActiveCfg = Release|Any CPU
		{BA787439-45A7-4CDB-A8D3-7667D43C6CCB}.Release|Any CPU.Build.0 = Release|Any CPU
		{6B39B6CC-3EDA-4BA1-B2A4-41EC9B16F087}.Debug|Any CPU.ActiveCfg = Debug|Any CPU
		{6B39B6CC-3EDA-4BA1-B2A4-41EC9B16F087}.Debug|Any CPU.Build.0 = Debug|Any CPU
		{6B39B6CC-3EDA-4BA1-B2A4-41EC9B16F087}.Release|Any CPU.ActiveCfg = Release|Any CPU
		{6B39B6CC-3EDA-4BA1-B2A4-41EC9B16F087}.Release|Any CPU.Build.0 = Release|Any CPU
	EndGlobalSection
	GlobalSection(SolutionProperties) = preSolution
		HideSolutionNode = FALSE
	EndGlobalSection
	GlobalSection(ExtensibilityGlobals) = postSolution
		SolutionGuid = {C531E97C-B62D-499F-BFBF-4F8860A51A31}
	EndGlobalSection
EndGlobal
